// !$*UTF8*$!
{
	archiveVersion = 1;
	classes = {
	};
	objectVersion = 77;
	objects = {

/* Begin PBXBuildFile section */
		6C07F6CA2F8FB4EE0056E0C8 /* searchResultsTableVC.swift in Sources */ = {isa = PBXBuildFile; fileRef = 6C07F6C92F8FB4EE0056E0C8 /* searchResultsTableVC.swift */; };
		6C509AF72F7052820080FDBE /* AppCoordinator.swift in Sources */ = {isa = PBXBuildFile; fileRef = 6C509ABE2F7052820080FDBE /* AppCoordinator.swift */; };
		6C509AF82F7052820080FDBE /* AppDelegate.swift in Sources */ = {isa = PBXBuildFile; fileRef = 6C509ABF2F7052820080FDBE /* AppDelegate.swift */; };
		6C509AFA2F7052820080FDBE /* SceneDelegate.swift in Sources */ = {isa = PBXBuildFile; fileRef = 6C509AC12F7052820080FDBE /* SceneDelegate.swift */; };
		6C509AFB2F7052820080FDBE /* UILabelHelper.swift in Sources */ = {isa = PBXBuildFile; fileRef = 6C509AC22F7052820080FDBE /* UILabelHelper.swift */; };
		6C509B122F7052820080FDBE /* CoordinatorProtocol.swift in Sources */ = {isa = PBXBuildFile; fileRef = 6C509AE62F7052820080FDBE /* CoordinatorProtocol.swift */; };
		6C509B792F707BD60080FDBE /* FaceIDAlertController.swift in Sources */ = {isa = PBXBuildFile; fileRef = 6C509B702F707BD60080FDBE /* FaceIDAlertController.swift */; };
		6C509B7A2F707BD60080FDBE /* LoginTextField.swift in Sources */ = {isa = PBXBuildFile; fileRef = 6C509B712F707BD60080FDBE /* LoginTextField.swift */; };
		6C509B7B2F707BD60080FDBE /* PasswordChekLabel.swift in Sources */ = {isa = PBXBuildFile; fileRef = 6C509B722F707BD60080FDBE /* PasswordChekLabel.swift */; };
		6C509B7C2F707BD60080FDBE /* PasswordTextField.swift in Sources */ = {isa = PBXBuildFile; fileRef = 6C509B732F707BD60080FDBE /* PasswordTextField.swift */; };
		6C509B7D2F707BD60080FDBE /* PinDeleteButton.swift in Sources */ = {isa = PBXBuildFile; fileRef = 6C509B742F707BD60080FDBE /* PinDeleteButton.swift */; };
		6C509B7E2F707BD60080FDBE /* PinDotsView.swift in Sources */ = {isa = PBXBuildFile; fileRef = 6C509B752F707BD60080FDBE /* PinDotsView.swift */; };
		6C509B7F2F707BD60080FDBE /* PinKeyboardView.swift in Sources */ = {isa = PBXBuildFile; fileRef = 6C509B762F707BD60080FDBE /* PinKeyboardView.swift */; };
		6C509B802F707BD60080FDBE /* PinNumberButton.swift in Sources */ = {isa = PBXBuildFile; fileRef = 6C509B772F707BD60080FDBE /* PinNumberButton.swift */; };
		6C509B922F707BF10080FDBE /* Assets.xcassets in Resources */ = {isa = PBXBuildFile; fileRef = 6C509B8E2F707BF10080FDBE /* Assets.xcassets */; };
		6C509B942F707BF10080FDBE /* SF-Pro.ttf in Resources */ = {isa = PBXBuildFile; fileRef = 6C509B902F707BF10080FDBE /* SF-Pro.ttf */; };
		6C509BAE2F707C0F0080FDBE /* LaunchScreen.storyboard in Resources */ = {isa = PBXBuildFile; fileRef = 6C509BAC2F707C0F0080FDBE /* LaunchScreen.storyboard */; };
		6CA8C59D2F718C3C00FC2151 /* FaceIDButton.swift in Sources */ = {isa = PBXBuildFile; fileRef = 6CA8C59C2F718C3C00FC2151 /* FaceIDButton.swift */; };
		6CE8FFD52F8936310064F84E /* mocWeather.swift in Sources */ = {isa = PBXBuildFile; fileRef = 6CE8FFD42F8936300064F84E /* mocWeather.swift */; };
		6CEBFDB52F5880980003249D /* SnapKit in Frameworks */ = {isa = PBXBuildFile; productRef = 6CEBFDB42F5880980003249D /* SnapKit */; };
		6CEF546D2F732B57007145CB /* GoogleService-Info.plist in Resources */ = {isa = PBXBuildFile; fileRef = 6CEF546C2F732B57007145CB /* GoogleService-Info.plist */; };
		6CEF54702F7331DE007145CB /* FirebaseCore in Frameworks */ = {isa = PBXBuildFile; productRef = 6CEF546F2F7331DE007145CB /* FirebaseCore */; };
		6CEF54722F7331DE007145CB /* FirebaseFirestore in Frameworks */ = {isa = PBXBuildFile; productRef = 6CEF54712F7331DE007145CB /* FirebaseFirestore */; };
		6CEF54952F844836007145CB /* CoordinatorFactory.swift in Sources */ = {isa = PBXBuildFile; fileRef = 6CEF54942F844836007145CB /* CoordinatorFactory.swift */; };
		6CEF55222F8552EC007145CB /* MainCoordinator.swift in Sources */ = {isa = PBXBuildFile; fileRef = 6CEF55012F8552EC007145CB /* MainCoordinator.swift */; };
		6CEF55232F8552EC007145CB /* AuthCoordinator.swift in Sources */ = {isa = PBXBuildFile; fileRef = 6CEF54FA2F8552EC007145CB /* AuthCoordinator.swift */; };
		6CEF55242F8552EC007145CB /* FaceIDViewController.swift in Sources */ = {isa = PBXBuildFile; fileRef = 6CEF55082F8552EC007145CB /* FaceIDViewController.swift */; };
		6CEF55252F8552EC007145CB /* LocationService.swift in Sources */ = {isa = PBXBuildFile; fileRef = 6CEF551D2F8552EC007145CB /* LocationService.swift */; };
		6CEF55262F8552EC007145CB /* MainModuleFactory.swift in Sources */ = {isa = PBXBuildFile; fileRef = 6CEF55022F8552EC007145CB /* MainModuleFactory.swift */; };
		6CEF55272F8552EC007145CB /* LoginPINViewModel.swift in Sources */ = {isa = PBXBuildFile; fileRef = 6CEF54F42F8552EC007145CB /* LoginPINViewModel.swift */; };
		6CEF55282F8552EC007145CB /* RegistrationModuleFactory.swift in Sources */ = {isa = PBXBuildFile; fileRef = 6CEF55162F8552EC007145CB /* RegistrationModuleFactory.swift */; };
		6CEF55292F8552EC007145CB /* FaceIDViewModel.swift in Sources */ = {isa = PBXBuildFile; fileRef = 6CEF55092F8552EC007145CB /* FaceIDViewModel.swift */; };
		6CEF552A2F8552EC007145CB /* WeatherViewModel.swift in Sources */ = {isa = PBXBuildFile; fileRef = 6CEF54FE2F8552EC007145CB /* WeatherViewModel.swift */; };
		6CEF552B2F8552EC007145CB /* Forecast.swift in Sources */ = {isa = PBXBuildFile; fileRef = 6CEF55052F8552EC007145CB /* Forecast.swift */; };
		6CEF552C2F8552EC007145CB /* AppServices.swift in Sources */ = {isa = PBXBuildFile; fileRef = 6CEF55182F8552EC007145CB /* AppServices.swift */; };
		6CEF552D2F8552EC007145CB /* RegisterPasswordViewModel.swift in Sources */ = {isa = PBXBuildFile; fileRef = 6CEF550F2F8552EC007145CB /* RegisterPasswordViewModel.swift */; };
		6CEF552E2F8552EC007145CB /* LocalSessionStore.swift in Sources */ = {isa = PBXBuildFile; fileRef = 6CEF551C2F8552EC007145CB /* LocalSessionStore.swift */; };
		6CEF552F2F8552EC007145CB /* PinCodeViewModel.swift in Sources */ = {isa = PBXBuildFile; fileRef = 6CEF55122F8552EC007145CB /* PinCodeViewModel.swift */; };
		6CEF55302F8552EC007145CB /* AuthModuleFactory.swift in Sources */ = {isa = PBXBuildFile; fileRef = 6CEF54FB2F8552EC007145CB /* AuthModuleFactory.swift */; };
		6CEF55312F8552EC007145CB /* LoginViewModel.swift in Sources */ = {isa = PBXBuildFile; fileRef = 6CEF54F72F8552EC007145CB /* LoginViewModel.swift */; };
		6CEF55322F8552EC007145CB /* RegisterLoginViewModel.swift in Sources */ = {isa = PBXBuildFile; fileRef = 6CEF550C2F8552EC007145CB /* RegisterLoginViewModel.swift */; };
		6CEF55332F8552EC007145CB /* LoginViewController.swift in Sources */ = {isa = PBXBuildFile; fileRef = 6CEF54F62F8552EC007145CB /* LoginViewController.swift */; };
		6CEF55342F8552EC007145CB /* AuthService.swift in Sources */ = {isa = PBXBuildFile; fileRef = 6CEF55192F8552EC007145CB /* AuthService.swift */; };
		6CEF55352F8552EC007145CB /* BiomerticAuthService.swift in Sources */ = {isa = PBXBuildFile; fileRef = 6CEF551A2F8552EC007145CB /* BiomerticAuthService.swift */; };
		6CEF55362F8552EC007145CB /* LoginPINViewController.swift in Sources */ = {isa = PBXBuildFile; fileRef = 6CEF54F32F8552EC007145CB /* LoginPINViewController.swift */; };
		6CEF55372F8552EC007145CB /* WeatherService.swift in Sources */ = {isa = PBXBuildFile; fileRef = 6CEF551F2F8552EC007145CB /* WeatherService.swift */; };
		6CEF55382F8552EC007145CB /* RegisterPasswordViewController.swift in Sources */ = {isa = PBXBuildFile; fileRef = 6CEF550E2F8552EC007145CB /* RegisterPasswordViewController.swift */; };
		6CEF55392F8552EC007145CB /* WeatherViewController.swift in Sources */ = {isa = PBXBuildFile; fileRef = 6CEF54FD2F8552EC007145CB /* WeatherViewController.swift */; };
		6CEF553A2F8552EC007145CB /* CitySearchService.swift in Sources */ = {isa = PBXBuildFile; fileRef = 6CEF551B2F8552EC007145CB /* CitySearchService.swift */; };
		6CEF553B2F8552EC007145CB /* User.swift in Sources */ = {isa = PBXBuildFile; fileRef = 6CEF55062F8552EC007145CB /* User.swift */; };
		6CEF553C2F8552EC007145CB /* RegisterLoginViewController.swift in Sources */ = {isa = PBXBuildFile; fileRef = 6CEF550B2F8552EC007145CB /* RegisterLoginViewController.swift */; };
		6CEF553D2F8552EC007145CB /* SessionService.swift in Sources */ = {isa = PBXBuildFile; fileRef = 6CEF551E2F8552EC007145CB /* SessionService.swift */; };
		6CEF553E2F8552EC007145CB /* PinCodeViewController.swift in Sources */ = {isa = PBXBuildFile; fileRef = 6CEF55112F8552EC007145CB /* PinCodeViewController.swift */; };
		6CEF553F2F8552EC007145CB /* CitySuggestion.swift in Sources */ = {isa = PBXBuildFile; fileRef = 6CEF55042F8552EC007145CB /* CitySuggestion.swift */; };
		6CEF55402F8552EC007145CB /* RegistationCoordinator.swift in Sources */ = {isa = PBXBuildFile; fileRef = 6CEF55152F8552EC007145CB /* RegistationCoordinator.swift */; };
		6CEF55452F855332007145CB /* ForecastDayView.swift in Sources */ = {isa = PBXBuildFile; fileRef = 6CEF55422F855332007145CB /* ForecastDayView.swift */; };
		6CEF55462F855332007145CB /* ForecastHourView.swift in Sources */ = {isa = PBXBuildFile; fileRef = 6CEF55432F855332007145CB /* ForecastHourView.swift */; };
		6CEF55472F855332007145CB /* Forecast24HoursView.swift in Sources */ = {isa = PBXBuildFile; fileRef = 6CEF55412F855332007145CB /* Forecast24HoursView.swift */; };
		6CEF55482F855332007145CB /* WeeklyForecastView.swift in Sources */ = {isa = PBXBuildFile; fileRef = 6CEF55442F855332007145CB /* WeeklyForecastView.swift */; };
		6CEF554A2F8812B1007145CB /* ImageCacheService.swift in Sources */ = {isa = PBXBuildFile; fileRef = 6CEF55492F8812B1007145CB /* ImageCacheService.swift */; };
/* End PBXBuildFile section */

/* Begin PBXFileReference section */
		6C07F6C92F8FB4EE0056E0C8 /* searchResultsTableVC.swift */ = {isa = PBXFileReference; lastKnownFileType = sourcecode.swift; path = searchResultsTableVC.swift; sourceTree = "<group>"; };
		6C509ABE2F7052820080FDBE /* AppCoordinator.swift */ = {isa = PBXFileReference; lastKnownFileType = sourcecode.swift; path = AppCoordinator.swift; sourceTree = "<group>"; };
		6C509ABF2F7052820080FDBE /* AppDelegate.swift */ = {isa = PBXFileReference; lastKnownFileType = sourcecode.swift; path = AppDelegate.swift; sourceTree = "<group>"; };
		6C509AC12F7052820080FDBE /* SceneDelegate.swift */ = {isa = PBXFileReference; lastKnownFileType = sourcecode.swift; path = SceneDelegate.swift; sourceTree = "<group>"; };
		6C509AC22F7052820080FDBE /* UILabelHelper.swift */ = {isa = PBXFileReference; lastKnownFileType = sourcecode.swift; path = UILabelHelper.swift; sourceTree = "<group>"; };
		6C509AE62F7052820080FDBE /* CoordinatorProtocol.swift */ = {isa = PBXFileReference; lastKnownFileType = sourcecode.swift; path = CoordinatorProtocol.swift; sourceTree = "<group>"; };
		6C509B702F707BD60080FDBE /* FaceIDAlertController.swift */ = {isa = PBXFileReference; lastKnownFileType = sourcecode.swift; path = FaceIDAlertController.swift; sourceTree = "<group>"; };
		6C509B712F707BD60080FDBE /* LoginTextField.swift */ = {isa = PBXFileReference; lastKnownFileType = sourcecode.swift; path = LoginTextField.swift; sourceTree = "<group>"; };
		6C509B722F707BD60080FDBE /* PasswordChekLabel.swift */ = {isa = PBXFileReference; lastKnownFileType = sourcecode.swift; path = PasswordChekLabel.swift; sourceTree = "<group>"; };
		6C509B732F707BD60080FDBE /* PasswordTextField.swift */ = {isa = PBXFileReference; lastKnownFileType = sourcecode.swift; path = PasswordTextField.swift; sourceTree = "<group>"; };
		6C509B742F707BD60080FDBE /* PinDeleteButton.swift */ = {isa = PBXFileReference; lastKnownFileType = sourcecode.swift; path = PinDeleteButton.swift; sourceTree = "<group>"; };
		6C509B752F707BD60080FDBE /* PinDotsView.swift */ = {isa = PBXFileReference; lastKnownFileType = sourcecode.swift; path = PinDotsView.swift; sourceTree = "<group>"; };
		6C509B762F707BD60080FDBE /* PinKeyboardView.swift */ = {isa = PBXFileReference; lastKnownFileType = sourcecode.swift; path = PinKeyboardView.swift; sourceTree = "<group>"; };
		6C509B772F707BD60080FDBE /* PinNumberButton.swift */ = {isa = PBXFileReference; lastKnownFileType = sourcecode.swift; path = PinNumberButton.swift; sourceTree = "<group>"; };
		6C509B8E2F707BF10080FDBE /* Assets.xcassets */ = {isa = PBXFileReference; lastKnownFileType = folder.assetcatalog; path = Assets.xcassets; sourceTree = "<group>"; };
		6C509B8F2F707BF10080FDBE /* Info.plist */ = {isa = PBXFileReference; lastKnownFileType = text.plist.xml; path = Info.plist; sourceTree = "<group>"; };
		6C509B902F707BF10080FDBE /* SF-Pro.ttf */ = {isa = PBXFileReference; lastKnownFileType = file; path = "SF-Pro.ttf"; sourceTree = "<group>"; };
		6C509BAB2F707C0F0080FDBE /* Base */ = {isa = PBXFileReference; lastKnownFileType = file.storyboard; name = Base; path = Base.lproj/LaunchScreen.storyboard; sourceTree = "<group>"; };
		6CA8C59C2F718C3C00FC2151 /* FaceIDButton.swift */ = {isa = PBXFileReference; lastKnownFileType = sourcecode.swift; path = FaceIDButton.swift; sourceTree = "<group>"; };
		6CE8FFD42F8936300064F84E /* mocWeather.swift */ = {isa = PBXFileReference; lastKnownFileType = sourcecode.swift; path = mocWeather.swift; sourceTree = "<group>"; };
		6CEBFD702F55AADC0003249D /* WeatherApp.app */ = {isa = PBXFileReference; explicitFileType = wrapper.application; includeInIndex = 0; path = WeatherApp.app; sourceTree = BUILT_PRODUCTS_DIR; };
		6CEF546C2F732B57007145CB /* GoogleService-Info.plist */ = {isa = PBXFileReference; lastKnownFileType = text.plist.xml; path = "GoogleService-Info.plist"; sourceTree = "<group>"; };
		6CEF54942F844836007145CB /* CoordinatorFactory.swift */ = {isa = PBXFileReference; lastKnownFileType = sourcecode.swift; path = CoordinatorFactory.swift; sourceTree = "<group>"; };
		6CEF54F32F8552EC007145CB /* LoginPINViewController.swift */ = {isa = PBXFileReference; lastKnownFileType = sourcecode.swift; path = LoginPINViewController.swift; sourceTree = "<group>"; };
		6CEF54F42F8552EC007145CB /* LoginPINViewModel.swift */ = {isa = PBXFileReference; lastKnownFileType = sourcecode.swift; path = LoginPINViewModel.swift; sourceTree = "<group>"; };
		6CEF54F62F8552EC007145CB /* LoginViewController.swift */ = {isa = PBXFileReference; lastKnownFileType = sourcecode.swift; path = LoginViewController.swift; sourceTree = "<group>"; };
		6CEF54F72F8552EC007145CB /* LoginViewModel.swift */ = {isa = PBXFileReference; lastKnownFileType = sourcecode.swift; path = LoginViewModel.swift; sourceTree = "<group>"; };
		6CEF54FA2F8552EC007145CB /* AuthCoordinator.swift */ = {isa = PBXFileReference; lastKnownFileType = sourcecode.swift; path = AuthCoordinator.swift; sourceTree = "<group>"; };
		6CEF54FB2F8552EC007145CB /* AuthModuleFactory.swift */ = {isa = PBXFileReference; lastKnownFileType = sourcecode.swift; path = AuthModuleFactory.swift; sourceTree = "<group>"; };
		6CEF54FD2F8552EC007145CB /* WeatherViewController.swift */ = {isa = PBXFileReference; lastKnownFileType = sourcecode.swift; path = WeatherViewController.swift; sourceTree = "<group>"; };
		6CEF54FE2F8552EC007145CB /* WeatherViewModel.swift */ = {isa = PBXFileReference; lastKnownFileType = sourcecode.swift; path = WeatherViewModel.swift; sourceTree = "<group>"; };
		6CEF55012F8552EC007145CB /* MainCoordinator.swift */ = {isa = PBXFileReference; lastKnownFileType = sourcecode.swift; path = MainCoordinator.swift; sourceTree = "<group>"; };
		6CEF55022F8552EC007145CB /* MainModuleFactory.swift */ = {isa = PBXFileReference; lastKnownFileType = sourcecode.swift; path = MainModuleFactory.swift; sourceTree = "<group>"; };
		6CEF55042F8552EC007145CB /* CitySuggestion.swift */ = {isa = PBXFileReference; lastKnownFileType = sourcecode.swift; path = CitySuggestion.swift; sourceTree = "<group>"; };
		6CEF55052F8552EC007145CB /* Forecast.swift */ = {isa = PBXFileReference; lastKnownFileType = sourcecode.swift; path = Forecast.swift; sourceTree = "<group>"; };
		6CEF55062F8552EC007145CB /* User.swift */ = {isa = PBXFileReference; lastKnownFileType = sourcecode.swift; path = User.swift; sourceTree = "<group>"; };
		6CEF55082F8552EC007145CB /* FaceIDViewController.swift */ = {isa = PBXFileReference; lastKnownFileType = sourcecode.swift; path = FaceIDViewController.swift; sourceTree = "<group>"; };
		6CEF55092F8552EC007145CB /* FaceIDViewModel.swift */ = {isa = PBXFileReference; lastKnownFileType = sourcecode.swift; path = FaceIDViewModel.swift; sourceTree = "<group>"; };
		6CEF550B2F8552EC007145CB /* RegisterLoginViewController.swift */ = {isa = PBXFileReference; lastKnownFileType = sourcecode.swift; path = RegisterLoginViewController.swift; sourceTree = "<group>"; };
		6CEF550C2F8552EC007145CB /* RegisterLoginViewModel.swift */ = {isa = PBXFileReference; lastKnownFileType = sourcecode.swift; path = RegisterLoginViewModel.swift; sourceTree = "<group>"; };
		6CEF550E2F8552EC007145CB /* RegisterPasswordViewController.swift */ = {isa = PBXFileReference; lastKnownFileType = sourcecode.swift; path = RegisterPasswordViewController.swift; sourceTree = "<group>"; };
		6CEF550F2F8552EC007145CB /* RegisterPasswordViewModel.swift */ = {isa = PBXFileReference; lastKnownFileType = sourcecode.swift; path = RegisterPasswordViewModel.swift; sourceTree = "<group>"; };
		6CEF55112F8552EC007145CB /* PinCodeViewController.swift */ = {isa = PBXFileReference; lastKnownFileType = sourcecode.swift; path = PinCodeViewController.swift; sourceTree = "<group>"; };
		6CEF55122F8552EC007145CB /* PinCodeViewModel.swift */ = {isa = PBXFileReference; lastKnownFileType = sourcecode.swift; path = PinCodeViewModel.swift; sourceTree = "<group>"; };
		6CEF55152F8552EC007145CB /* RegistationCoordinator.swift */ = {isa = PBXFileReference; lastKnownFileType = sourcecode.swift; path = RegistationCoordinator.swift; sourceTree = "<group>"; };
		6CEF55162F8552EC007145CB /* RegistrationModuleFactory.swift */ = {isa = PBXFileReference; lastKnownFileType = sourcecode.swift; path = RegistrationModuleFactory.swift; sourceTree = "<group>"; };
		6CEF55182F8552EC007145CB /* AppServices.swift */ = {isa = PBXFileReference; lastKnownFileType = sourcecode.swift; path = AppServices.swift; sourceTree = "<group>"; };
		6CEF55192F8552EC007145CB /* AuthService.swift */ = {isa = PBXFileReference; lastKnownFileType = sourcecode.swift; path = AuthService.swift; sourceTree = "<group>"; };
		6CEF551A2F8552EC007145CB /* BiomerticAuthService.swift */ = {isa = PBXFileReference; lastKnownFileType = sourcecode.swift; path = BiomerticAuthService.swift; sourceTree = "<group>"; };
		6CEF551B2F8552EC007145CB /* CitySearchService.swift */ = {isa = PBXFileReference; lastKnownFileType = sourcecode.swift; path = CitySearchService.swift; sourceTree = "<group>"; };
		6CEF551C2F8552EC007145CB /* LocalSessionStore.swift */ = {isa = PBXFileReference; lastKnownFileType = sourcecode.swift; path = LocalSessionStore.swift; sourceTree = "<group>"; };
		6CEF551D2F8552EC007145CB /* LocationService.swift */ = {isa = PBXFileReference; lastKnownFileType = sourcecode.swift; path = LocationService.swift; sourceTree = "<group>"; };
		6CEF551E2F8552EC007145CB /* SessionService.swift */ = {isa = PBXFileReference; lastKnownFileType = sourcecode.swift; path = SessionService.swift; sourceTree = "<group>"; };
		6CEF551F2F8552EC007145CB /* WeatherService.swift */ = {isa = PBXFileReference; lastKnownFileType = sourcecode.swift; path = WeatherService.swift; sourceTree = "<group>"; };
		6CEF55412F855332007145CB /* Forecast24HoursView.swift */ = {isa = PBXFileReference; lastKnownFileType = sourcecode.swift; path = Forecast24HoursView.swift; sourceTree = "<group>"; };
		6CEF55422F855332007145CB /* ForecastDayView.swift */ = {isa = PBXFileReference; lastKnownFileType = sourcecode.swift; path = ForecastDayView.swift; sourceTree = "<group>"; };
		6CEF55432F855332007145CB /* ForecastHourView.swift */ = {isa = PBXFileReference; lastKnownFileType = sourcecode.swift; path = ForecastHourView.swift; sourceTree = "<group>"; };
		6CEF55442F855332007145CB /* WeeklyForecastView.swift */ = {isa = PBXFileReference; lastKnownFileType = sourcecode.swift; path = WeeklyForecastView.swift; sourceTree = "<group>"; };
		6CEF55492F8812B1007145CB /* ImageCacheService.swift */ = {isa = PBXFileReference; lastKnownFileType = sourcecode.swift; path = ImageCacheService.swift; sourceTree = "<group>"; };
/* End PBXFileReference section */

/* Begin PBXFrameworksBuildPhase section */
		6CEBFD6D2F55AADC0003249D /* Frameworks */ = {
			isa = PBXFrameworksBuildPhase;
			buildActionMask = 2147483647;
			files = (
				6CEF54702F7331DE007145CB /* FirebaseCore in Frameworks */,
				6CEBFDB52F5880980003249D /* SnapKit in Frameworks */,
				6CEF54722F7331DE007145CB /* FirebaseFirestore in Frameworks */,
			);
			runOnlyForDeploymentPostprocessing = 0;
		};
/* End PBXFrameworksBuildPhase section */

/* Begin PBXGroup section */
		6C509B252F7079EB0080FDBE /* WeatherApp1 */ = {
			isa = PBXGroup;
			children = (
				6CEF55212F8552EC007145CB /* Flows */,
				6C509B2C2F707A570080FDBE /* App */,
				6C509B782F707BD60080FDBE /* CommonViews */,
				6C509B2D2F707A880080FDBE /* Protocols */,
				6C509B912F707BF10080FDBE /* Resourses */,
				6C509BAD2F707C0F0080FDBE /* StoryBoards */,
			);
			path = WeatherApp1;
			sourceTree = "<group>";
		};
		6C509B2C2F707A570080FDBE /* App */ = {
			isa = PBXGroup;
			children = (
				6C509ABE2F7052820080FDBE /* AppCoordinator.swift */,
				6CEF54942F844836007145CB /* CoordinatorFactory.swift */,
				6C509ABF2F7052820080FDBE /* AppDelegate.swift */,
				6C509AC12F7052820080FDBE /* SceneDelegate.swift */,
				6C509AC22F7052820080FDBE /* UILabelHelper.swift */,
			);
			path = App;
			sourceTree = "<group>";
		};
		6C509B2D2F707A880080FDBE /* Protocols */ = {
			isa = PBXGroup;
			children = (
				6C509AE62F7052820080FDBE /* CoordinatorProtocol.swift */,
			);
			path = Protocols;
			sourceTree = "<group>";
		};
		6C509B782F707BD60080FDBE /* CommonViews */ = {
			isa = PBXGroup;
			children = (
				6CEF55412F855332007145CB /* Forecast24HoursView.swift */,
				6CEF55422F855332007145CB /* ForecastDayView.swift */,
				6C07F6C92F8FB4EE0056E0C8 /* searchResultsTableVC.swift */,
				6CEF55432F855332007145CB /* ForecastHourView.swift */,
				6CEF55442F855332007145CB /* WeeklyForecastView.swift */,
				6C509B702F707BD60080FDBE /* FaceIDAlertController.swift */,
				6C509B712F707BD60080FDBE /* LoginTextField.swift */,
				6C509B722F707BD60080FDBE /* PasswordChekLabel.swift */,
				6C509B732F707BD60080FDBE /* PasswordTextField.swift */,
				6C509B742F707BD60080FDBE /* PinDeleteButton.swift */,
				6CA8C59C2F718C3C00FC2151 /* FaceIDButton.swift */,
				6C509B752F707BD60080FDBE /* PinDotsView.swift */,
				6C509B762F707BD60080FDBE /* PinKeyboardView.swift */,
				6C509B772F707BD60080FDBE /* PinNumberButton.swift */,
			);
			path = CommonViews;
			sourceTree = "<group>";
		};
		6C509B912F707BF10080FDBE /* Resourses */ = {
			isa = PBXGroup;
			children = (
				6C509B8E2F707BF10080FDBE /* Assets.xcassets */,
				6C509B8F2F707BF10080FDBE /* Info.plist */,
				6C509B902F707BF10080FDBE /* SF-Pro.ttf */,
				6CEF546C2F732B57007145CB /* GoogleService-Info.plist */,
			);
			path = Resourses;
			sourceTree = "<group>";
		};
		6C509BAD2F707C0F0080FDBE /* StoryBoards */ = {
			isa = PBXGroup;
			children = (
				6C509BAC2F707C0F0080FDBE /* LaunchScreen.storyboard */,
			);
			path = StoryBoards;
			sourceTree = "<group>";
		};
		6CEBFD672F55AADC0003249D = {
			isa = PBXGroup;
			children = (
				6C509B252F7079EB0080FDBE /* WeatherApp1 */,
				6CEBFD712F55AADC0003249D /* Products */,
			);
			sourceTree = "<group>";
		};
		6CEBFD712F55AADC0003249D /* Products */ = {
			isa = PBXGroup;
			children = (
				6CEBFD702F55AADC0003249D /* WeatherApp.app */,
			);
			name = Products;
			sourceTree = "<group>";
		};
		6CEF54F52F8552EC007145CB /* LoginPINScreen */ = {
			isa = PBXGroup;
			children = (
				6CEF54F32F8552EC007145CB /* LoginPINViewController.swift */,
				6CEF54F42F8552EC007145CB /* LoginPINViewModel.swift */,
			);
			path = LoginPINScreen;
			sourceTree = "<group>";
		};
		6CEF54F82F8552EC007145CB /* LoginScreen */ = {
			isa = PBXGroup;
			children = (
				6CEF54F62F8552EC007145CB /* LoginViewController.swift */,
				6CEF54F72F8552EC007145CB /* LoginViewModel.swift */,
			);
			path = LoginScreen;
			sourceTree = "<group>";
		};
		6CEF54F92F8552EC007145CB /* Screens */ = {
			isa = PBXGroup;
			children = (
				6CEF54F52F8552EC007145CB /* LoginPINScreen */,
				6CEF54F82F8552EC007145CB /* LoginScreen */,
			);
			path = Screens;
			sourceTree = "<group>";
		};
		6CEF54FC2F8552EC007145CB /* AuthFlow */ = {
			isa = PBXGroup;
			children = (
				6CEF54F92F8552EC007145CB /* Screens */,
				6CEF54FA2F8552EC007145CB /* AuthCoordinator.swift */,
				6CEF54FB2F8552EC007145CB /* AuthModuleFactory.swift */,
			);
			path = AuthFlow;
			sourceTree = "<group>";
		};
		6CEF54FF2F8552EC007145CB /* WeatherScreen */ = {
			isa = PBXGroup;
			children = (
				6CEF54FD2F8552EC007145CB /* WeatherViewController.swift */,
				6CEF54FE2F8552EC007145CB /* WeatherViewModel.swift */,
			);
			path = WeatherScreen;
			sourceTree = "<group>";
		};
		6CEF55002F8552EC007145CB /* Screens */ = {
			isa = PBXGroup;
			children = (
				6CEF54FF2F8552EC007145CB /* WeatherScreen */,
			);
			path = Screens;
			sourceTree = "<group>";
		};
		6CEF55032F8552EC007145CB /* MainFlow */ = {
			isa = PBXGroup;
			children = (
				6CEF55002F8552EC007145CB /* Screens */,
				6CEF55012F8552EC007145CB /* MainCoordinator.swift */,
				6CEF55022F8552EC007145CB /* MainModuleFactory.swift */,
			);
			path = MainFlow;
			sourceTree = "<group>";
		};
		6CEF55072F8552EC007145CB /* Models */ = {
			isa = PBXGroup;
			children = (
				6CEF55042F8552EC007145CB /* CitySuggestion.swift */,
				6CEF55052F8552EC007145CB /* Forecast.swift */,
				6CEF55062F8552EC007145CB /* User.swift */,
			);
			path = Models;
			sourceTree = "<group>";
		};
		6CEF550A2F8552EC007145CB /* FaceIDScreen */ = {
			isa = PBXGroup;
			children = (
				6CEF55082F8552EC007145CB /* FaceIDViewController.swift */,
				6CEF55092F8552EC007145CB /* FaceIDViewModel.swift */,
			);
			path = FaceIDScreen;
			sourceTree = "<group>";
		};
		6CEF550D2F8552EC007145CB /* LoginScreen */ = {
			isa = PBXGroup;
			children = (
				6CEF550B2F8552EC007145CB /* RegisterLoginViewController.swift */,
				6CEF550C2F8552EC007145CB /* RegisterLoginViewModel.swift */,
			);
			path = LoginScreen;
			sourceTree = "<group>";
		};
		6CEF55102F8552EC007145CB /* PasswordScreen */ = {
			isa = PBXGroup;
			children = (
				6CEF550E2F8552EC007145CB /* RegisterPasswordViewController.swift */,
				6CEF550F2F8552EC007145CB /* RegisterPasswordViewModel.swift */,
			);
			path = PasswordScreen;
			sourceTree = "<group>";
		};
		6CEF55132F8552EC007145CB /* PinCodeScreen */ = {
			isa = PBXGroup;
			children = (
				6CEF55112F8552EC007145CB /* PinCodeViewController.swift */,
				6CEF55122F8552EC007145CB /* PinCodeViewModel.swift */,
			);
			path = PinCodeScreen;
			sourceTree = "<group>";
		};
		6CEF55142F8552EC007145CB /* Screens */ = {
			isa = PBXGroup;
			children = (
				6CEF550A2F8552EC007145CB /* FaceIDScreen */,
				6CEF550D2F8552EC007145CB /* LoginScreen */,
				6CEF55102F8552EC007145CB /* PasswordScreen */,
				6CEF55132F8552EC007145CB /* PinCodeScreen */,
			);
			path = Screens;
			sourceTree = "<group>";
		};
		6CEF55172F8552EC007145CB /* RegistationFlow */ = {
			isa = PBXGroup;
			children = (
				6CEF55142F8552EC007145CB /* Screens */,
				6CEF55152F8552EC007145CB /* RegistationCoordinator.swift */,
				6CEF55162F8552EC007145CB /* RegistrationModuleFactory.swift */,
			);
			path = RegistationFlow;
			sourceTree = "<group>";
		};
		6CEF55202F8552EC007145CB /* Services */ = {
			isa = PBXGroup;
			children = (
				6CEF55182F8552EC007145CB /* AppServices.swift */,
				6CEF55192F8552EC007145CB /* AuthService.swift */,
				6CEF551A2F8552EC007145CB /* BiomerticAuthService.swift */,
				6CEF551B2F8552EC007145CB /* CitySearchService.swift */,
				6CEF551C2F8552EC007145CB /* LocalSessionStore.swift */,
				6CEF551D2F8552EC007145CB /* LocationService.swift */,
				6CEF551E2F8552EC007145CB /* SessionService.swift */,
				6CEF55492F8812B1007145CB /* ImageCacheService.swift */,
				6CEF551F2F8552EC007145CB /* WeatherService.swift */,
				6CE8FFD42F8936300064F84E /* mocWeather.swift */,
			);
			path = Services;
			sourceTree = "<group>";
		};
		6CEF55212F8552EC007145CB /* Flows */ = {
			isa = PBXGroup;
			children = (
				6CEF54FC2F8552EC007145CB /* AuthFlow */,
				6CEF55172F8552EC007145CB /* RegistationFlow */,
				6CEF55032F8552EC007145CB /* MainFlow */,
				6CEF55072F8552EC007145CB /* Models */,
				6CEF55202F8552EC007145CB /* Services */,
			);
			path = Flows;
			sourceTree = "<group>";
		};
/* End PBXGroup section */

/* Begin PBXNativeTarget section */
		6CEBFD6F2F55AADC0003249D /* WeatherApp */ = {
			isa = PBXNativeTarget;
			buildConfigurationList = 6CEBFD832F55AADE0003249D /* Build configuration list for PBXNativeTarget "WeatherApp" */;
			buildPhases = (
				6CEBFD6C2F55AADC0003249D /* Sources */,
				6CEBFD6D2F55AADC0003249D /* Frameworks */,
				6CEBFD6E2F55AADC0003249D /* Resources */,
			);
			buildRules = (
			);
			dependencies = (
			);
			name = WeatherApp;
			packageProductDependencies = (
				6CEBFDB42F5880980003249D /* SnapKit */,
				6CEF546F2F7331DE007145CB /* FirebaseCore */,
				6CEF54712F7331DE007145CB /* FirebaseFirestore */,
			);
			productName = WeatherApp;
			productReference = 6CEBFD702F55AADC0003249D /* WeatherApp.app */;
			productType = "com.apple.product-type.application";
		};
/* End PBXNativeTarget section */

/* Begin PBXProject section */
		6CEBFD682F55AADC0003249D /* Project object */ = {
			isa = PBXProject;
			attributes = {
				BuildIndependentTargetsInParallel = 1;
				LastSwiftUpdateCheck = 2610;
				LastUpgradeCheck = 2610;
				TargetAttributes = {
					6CEBFD6F2F55AADC0003249D = {
						CreatedOnToolsVersion = 26.1.1;
					};
				};
			};
			buildConfigurationList = 6CEBFD6B2F55AADC0003249D /* Build configuration list for PBXProject "WeatherApp" */;
			developmentRegion = en;
			hasScannedForEncodings = 0;
			knownRegions = (
				en,
				Base,
			);
			mainGroup = 6CEBFD672F55AADC0003249D;
			minimizedProjectReferenceProxies = 1;
			packageReferences = (
				6CEBFDB32F5880980003249D /* XCRemoteSwiftPackageReference "SnapKit" */,
				6CEF546E2F7331DE007145CB /* XCRemoteSwiftPackageReference "firebase-ios-sdk" */,
			);
			preferredProjectObjectVersion = 77;
			productRefGroup = 6CEBFD712F55AADC0003249D /* Products */;
			projectDirPath = "";
			projectRoot = "";
			targets = (
				6CEBFD6F2F55AADC0003249D /* WeatherApp */,
			);
		};
/* End PBXProject section */

/* Begin PBXResourcesBuildPhase section */
		6CEBFD6E2F55AADC0003249D /* Resources */ = {
			isa = PBXResourcesBuildPhase;
			buildActionMask = 2147483647;
			files = (
				6C509BAE2F707C0F0080FDBE /* LaunchScreen.storyboard in Resources */,
				6CEF546D2F732B57007145CB /* GoogleService-Info.plist in Resources */,
				6C509B922F707BF10080FDBE /* Assets.xcassets in Resources */,
				6C509B942F707BF10080FDBE /* SF-Pro.ttf in Resources */,
			);
			runOnlyForDeploymentPostprocessing = 0;
		};
/* End PBXResourcesBuildPhase section */

/* Begin PBXSourcesBuildPhase section */
		6CEBFD6C2F55AADC0003249D /* Sources */ = {
			isa = PBXSourcesBuildPhase;
			buildActionMask = 2147483647;
			files = (
				6C509AF72F7052820080FDBE /* AppCoordinator.swift in Sources */,
				6C509AF82F7052820080FDBE /* AppDelegate.swift in Sources */,
				6C509AFA2F7052820080FDBE /* SceneDelegate.swift in Sources */,
				6C509AFB2F7052820080FDBE /* UILabelHelper.swift in Sources */,
				6CEF55222F8552EC007145CB /* MainCoordinator.swift in Sources */,
				6CEF55232F8552EC007145CB /* AuthCoordinator.swift in Sources */,
				6CEF55242F8552EC007145CB /* FaceIDViewController.swift in Sources */,
				6CEF55252F8552EC007145CB /* LocationService.swift in Sources */,
				6CEF55262F8552EC007145CB /* MainModuleFactory.swift in Sources */,
				6CEF55272F8552EC007145CB /* LoginPINViewModel.swift in Sources */,
				6CE8FFD52F8936310064F84E /* mocWeather.swift in Sources */,
				6CEF55282F8552EC007145CB /* RegistrationModuleFactory.swift in Sources */,
				6CEF55292F8552EC007145CB /* FaceIDViewModel.swift in Sources */,
				6CEF552A2F8552EC007145CB /* WeatherViewModel.swift in Sources */,
				6CEF55452F855332007145CB /* ForecastDayView.swift in Sources */,
				6CEF55462F855332007145CB /* ForecastHourView.swift in Sources */,
				6CEF55472F855332007145CB /* Forecast24HoursView.swift in Sources */,
				6CEF55482F855332007145CB /* WeeklyForecastView.swift in Sources */,
				6CEF552B2F8552EC007145CB /* Forecast.swift in Sources */,
				6CEF552C2F8552EC007145CB /* AppServices.swift in Sources */,
				6CEF552D2F8552EC007145CB /* RegisterPasswordViewModel.swift in Sources */,
				6CEF552E2F8552EC007145CB /* LocalSessionStore.swift in Sources */,
				6CEF552F2F8552EC007145CB /* PinCodeViewModel.swift in Sources */,
				6CEF55302F8552EC007145CB /* AuthModuleFactory.swift in Sources */,
				6CEF55312F8552EC007145CB /* LoginViewModel.swift in Sources */,
				6CEF55322F8552EC007145CB /* RegisterLoginViewModel.swift in Sources */,
				6CEF55332F8552EC007145CB /* LoginViewController.swift in Sources */,
				6CEF55342F8552EC007145CB /* AuthService.swift in Sources */,
				6CEF55352F8552EC007145CB /* BiomerticAuthService.swift in Sources */,
				6CEF55362F8552EC007145CB /* LoginPINViewController.swift in Sources */,
				6CEF55372F8552EC007145CB /* WeatherService.swift in Sources */,
				6CEF55382F8552EC007145CB /* RegisterPasswordViewController.swift in Sources */,
				6CEF55392F8552EC007145CB /* WeatherViewController.swift in Sources */,
				6CEF554A2F8812B1007145CB /* ImageCacheService.swift in Sources */,
				6CEF553A2F8552EC007145CB /* CitySearchService.swift in Sources */,
				6CEF553B2F8552EC007145CB /* User.swift in Sources */,
				6CEF553C2F8552EC007145CB /* RegisterLoginViewController.swift in Sources */,
				6CEF553D2F8552EC007145CB /* SessionService.swift in Sources */,
				6CEF553E2F8552EC007145CB /* PinCodeViewController.swift in Sources */,
				6CEF553F2F8552EC007145CB /* CitySuggestion.swift in Sources */,
				6CEF55402F8552EC007145CB /* RegistationCoordinator.swift in Sources */,
				6CA8C59D2F718C3C00FC2151 /* FaceIDButton.swift in Sources */,
				6CEF54952F844836007145CB /* CoordinatorFactory.swift in Sources */,
				6C509B122F7052820080FDBE /* CoordinatorProtocol.swift in Sources */,
				6C509B792F707BD60080FDBE /* FaceIDAlertController.swift in Sources */,
				6C509B7A2F707BD60080FDBE /* LoginTextField.swift in Sources */,
				6C07F6CA2F8FB4EE0056E0C8 /* searchResultsTableVC.swift in Sources */,
				6C509B7B2F707BD60080FDBE /* PasswordChekLabel.swift in Sources */,
				6C509B7C2F707BD60080FDBE /* PasswordTextField.swift in Sources */,
				6C509B7D2F707BD60080FDBE /* PinDeleteButton.swift in Sources */,
				6C509B7E2F707BD60080FDBE /* PinDotsView.swift in Sources */,
				6C509B7F2F707BD60080FDBE /* PinKeyboardView.swift in Sources */,
				6C509B802F707BD60080FDBE /* PinNumberButton.swift in Sources */,
			);
			runOnlyForDeploymentPostprocessing = 0;
		};
/* End PBXSourcesBuildPhase section */

/* Begin PBXVariantGroup section */
		6C509BAC2F707C0F0080FDBE /* LaunchScreen.storyboard */ = {
			isa = PBXVariantGroup;
			children = (
				6C509BAB2F707C0F0080FDBE /* Base */,
			);
			name = LaunchScreen.storyboard;
			sourceTree = "<group>";
		};
/* End PBXVariantGroup section */

/* Begin XCBuildConfiguration section */
		6CEBFD842F55AADE0003249D /* Debug */ = {
			isa = XCBuildConfiguration;
			buildSettings = {
				ASSETCATALOG_COMPILER_APPICON_NAME = AppIcon;
				ASSETCATALOG_COMPILER_GLOBAL_ACCENT_COLOR_NAME = AccentColor;
				CODE_SIGN_STYLE = Automatic;
				CURRENT_PROJECT_VERSION = 1;
				GENERATE_INFOPLIST_FILE = YES;
				INFOPLIST_FILE = WeatherApp1/Resourses/Info.plist;
				INFOPLIST_KEY_NSFaceIDUsageDescription = "";
				INFOPLIST_KEY_UIApplicationSupportsIndirectInputEvents = YES;
				INFOPLIST_KEY_UILaunchStoryboardName = LaunchScreen;
				INFOPLIST_KEY_UISupportedInterfaceOrientations = UIInterfaceOrientationPortrait;
				INFOPLIST_KEY_UISupportedInterfaceOrientations_iPad = "UIInterfaceOrientationLandscapeLeft UIInterfaceOrientationLandscapeRight UIInterfaceOrientationPortrait UIInterfaceOrientationPortraitUpsideDown";
				IPHONEOS_DEPLOYMENT_TARGET = 17.6;
				LD_RUNPATH_SEARCH_PATHS = (
					"$(inherited)",
					"@executable_path/Frameworks",
				);
				MARKETING_VERSION = 1.0;
				PRODUCT_BUNDLE_IDENTIFIER = OZ.WeatherApp;
				PRODUCT_NAME = "$(TARGET_NAME)";
				STRING_CATALOG_GENERATE_SYMBOLS = YES;
				SUPPORTED_PLATFORMS = "iphoneos iphonesimulator";
				SUPPORTS_MACCATALYST = NO;
				SUPPORTS_MAC_DESIGNED_FOR_IPHONE_IPAD = NO;
				SUPPORTS_XR_DESIGNED_FOR_IPHONE_IPAD = NO;
				SWIFT_APPROACHABLE_CONCURRENCY = YES;
				SWIFT_DEFAULT_ACTOR_ISOLATION = MainActor;
				SWIFT_EMIT_LOC_STRINGS = YES;
				SWIFT_UPCOMING_FEATURE_MEMBER_IMPORT_VISIBILITY = YES;
				SWIFT_VERSION = 5.0;
				TARGETED_DEVICE_FAMILY = 1;
			};
			name = Debug;
		};
		6CEBFD852F55AADE0003249D /* Release */ = {
			isa = XCBuildConfiguration;
			buildSettings = {
				ASSETCATALOG_COMPILER_APPICON_NAME = AppIcon;
				ASSETCATALOG_COMPILER_GLOBAL_ACCENT_COLOR_NAME = AccentColor;
				CODE_SIGN_STYLE = Automatic;
				CURRENT_PROJECT_VERSION = 1;
				GENERATE_INFOPLIST_FILE = YES;
				INFOPLIST_FILE = WeatherApp1/Resourses/Info.plist;
				INFOPLIST_KEY_NSFaceIDUsageDescription = "";
				INFOPLIST_KEY_UIApplicationSupportsIndirectInputEvents = YES;
				INFOPLIST_KEY_UILaunchStoryboardName = LaunchScreen;
				INFOPLIST_KEY_UISupportedInterfaceOrientations = UIInterfaceOrientationPortrait;
				INFOPLIST_KEY_UISupportedInterfaceOrientations_iPad = "UIInterfaceOrientationLandscapeLeft UIInterfaceOrientationLandscapeRight UIInterfaceOrientationPortrait UIInterfaceOrientationPortraitUpsideDown";
				IPHONEOS_DEPLOYMENT_TARGET = 17.6;
				LD_RUNPATH_SEARCH_PATHS = (
					"$(inherited)",
					"@executable_path/Frameworks",
				);
				MARKETING_VERSION = 1.0;
				PRODUCT_BUNDLE_IDENTIFIER = OZ.WeatherApp;
				PRODUCT_NAME = "$(TARGET_NAME)";
				STRING_CATALOG_GENERATE_SYMBOLS = YES;
				SUPPORTED_PLATFORMS = "iphoneos iphonesimulator";
				SUPPORTS_MACCATALYST = NO;
				SUPPORTS_MAC_DESIGNED_FOR_IPHONE_IPAD = NO;
				SUPPORTS_XR_DESIGNED_FOR_IPHONE_IPAD = NO;
				SWIFT_APPROACHABLE_CONCURRENCY = YES;
				SWIFT_DEFAULT_ACTOR_ISOLATION = MainActor;
				SWIFT_EMIT_LOC_STRINGS = YES;
				SWIFT_UPCOMING_FEATURE_MEMBER_IMPORT_VISIBILITY = YES;
				SWIFT_VERSION = 5.0;
				TARGETED_DEVICE_FAMILY = 1;
			};
			name = Release;
		};
		6CEBFD862F55AADE0003249D /* Debug */ = {
			isa = XCBuildConfiguration;
			buildSettings = {
				ALWAYS_SEARCH_USER_PATHS = NO;
				ASSETCATALOG_COMPILER_GENERATE_SWIFT_ASSET_SYMBOL_EXTENSIONS = YES;
				CLANG_ANALYZER_NONNULL = YES;
				CLANG_ANALYZER_NUMBER_OBJECT_CONVERSION = YES_AGGRESSIVE;
				CLANG_CXX_LANGUAGE_STANDARD = "gnu++20";
				CLANG_ENABLE_MODULES = YES;
				CLANG_ENABLE_OBJC_ARC = YES;
				CLANG_ENABLE_OBJC_WEAK = YES;
				CLANG_WARN_BLOCK_CAPTURE_AUTORELEASING = YES;
				CLANG_WARN_BOOL_CONVERSION = YES;
				CLANG_WARN_COMMA = YES;
				CLANG_WARN_CONSTANT_CONVERSION = YES;
				CLANG_WARN_DEPRECATED_OBJC_IMPLEMENTATIONS = YES;
				CLANG_WARN_DIRECT_OBJC_ISA_USAGE = YES_ERROR;
				CLANG_WARN_DOCUMENTATION_COMMENTS = YES;
				CLANG_WARN_EMPTY_BODY = YES;
				CLANG_WARN_ENUM_CONVERSION = YES;
				CLANG_WARN_INFINITE_RECURSION = YES;
				CLANG_WARN_INT_CONVERSION = YES;
				CLANG_WARN_NON_LITERAL_NULL_CONVERSION = YES;
				CLANG_WARN_OBJC_IMPLICIT_RETAIN_SELF = YES;
				CLANG_WARN_OBJC_LITERAL_CONVERSION = YES;
				CLANG_WARN_OBJC_ROOT_CLASS = YES_ERROR;
				CLANG_WARN_QUOTED_INCLUDE_IN_FRAMEWORK_HEADER = YES;
				CLANG_WARN_RANGE_LOOP_ANALYSIS = YES;
				CLANG_WARN_STRICT_PROTOTYPES = YES;
				CLANG_WARN_SUSPICIOUS_MOVE = YES;
				CLANG_WARN_UNGUARDED_AVAILABILITY = YES_AGGRESSIVE;
				CLANG_WARN_UNREACHABLE_CODE = YES;
				CLANG_WARN__DUPLICATE_METHOD_MATCH = YES;
				COPY_PHASE_STRIP = NO;
				DEBUG_INFORMATION_FORMAT = dwarf;
				ENABLE_STRICT_OBJC_MSGSEND = YES;
				ENABLE_TESTABILITY = YES;
				ENABLE_USER_SCRIPT_SANDBOXING = YES;
				GCC_C_LANGUAGE_STANDARD = gnu17;
				GCC_DYNAMIC_NO_PIC = NO;
				GCC_NO_COMMON_BLOCKS = YES;
				GCC_OPTIMIZATION_LEVEL = 0;
				GCC_PREPROCESSOR_DEFINITIONS = (
					"DEBUG=1",
					"$(inherited)",
				);
				GCC_WARN_64_TO_32_BIT_CONVERSION = YES;
				GCC_WARN_ABOUT_RETURN_TYPE = YES_ERROR;
				GCC_WARN_UNDECLARED_SELECTOR = YES;
				GCC_WARN_UNINITIALIZED_AUTOS = YES_AGGRESSIVE;
				GCC_WARN_UNUSED_FUNCTION = YES;
				GCC_WARN_UNUSED_VARIABLE = YES;
				IPHONEOS_DEPLOYMENT_TARGET = 17.6;
				LOCALIZATION_PREFERS_STRING_CATALOGS = YES;
				MTL_ENABLE_DEBUG_INFO = INCLUDE_SOURCE;
				MTL_FAST_MATH = YES;
				ONLY_ACTIVE_ARCH = YES;
				SDKROOT = iphoneos;
				SWIFT_ACTIVE_COMPILATION_CONDITIONS = "DEBUG $(inherited)";
				SWIFT_OPTIMIZATION_LEVEL = "-Onone";
			};
			name = Debug;
		};
		6CEBFD872F55AADE0003249D /* Release */ = {
			isa = XCBuildConfiguration;
			buildSettings = {
				ALWAYS_SEARCH_USER_PATHS = NO;
				ASSETCATALOG_COMPILER_GENERATE_SWIFT_ASSET_SYMBOL_EXTENSIONS = YES;
				CLANG_ANALYZER_NONNULL = YES;
				CLANG_ANALYZER_NUMBER_OBJECT_CONVERSION = YES_AGGRESSIVE;
				CLANG_CXX_LANGUAGE_STANDARD = "gnu++20";
				CLANG_ENABLE_MODULES = YES;
				CLANG_ENABLE_OBJC_ARC = YES;
				CLANG_ENABLE_OBJC_WEAK = YES;
				CLANG_WARN_BLOCK_CAPTURE_AUTORELEASING = YES;
				CLANG_WARN_BOOL_CONVERSION = YES;
				CLANG_WARN_COMMA = YES;
				CLANG_WARN_CONSTANT_CONVERSION = YES;
				CLANG_WARN_DEPRECATED_OBJC_IMPLEMENTATIONS = YES;
				CLANG_WARN_DIRECT_OBJC_ISA_USAGE = YES_ERROR;
				CLANG_WARN_DOCUMENTATION_COMMENTS = YES;
				CLANG_WARN_EMPTY_BODY = YES;
				CLANG_WARN_ENUM_CONVERSION = YES;
				CLANG_WARN_INFINITE_RECURSION = YES;
				CLANG_WARN_INT_CONVERSION = YES;
				CLANG_WARN_NON_LITERAL_NULL_CONVERSION = YES;
				CLANG_WARN_OBJC_IMPLICIT_RETAIN_SELF = YES;
				CLANG_WARN_OBJC_LITERAL_CONVERSION = YES;
				CLANG_WARN_OBJC_ROOT_CLASS = YES_ERROR;
				CLANG_WARN_QUOTED_INCLUDE_IN_FRAMEWORK_HEADER = YES;
				CLANG_WARN_RANGE_LOOP_ANALYSIS = YES;
				CLANG_WARN_STRICT_PROTOTYPES = YES;
				CLANG_WARN_SUSPICIOUS_MOVE = YES;
				CLANG_WARN_UNGUARDED_AVAILABILITY = YES_AGGRESSIVE;
				CLANG_WARN_UNREACHABLE_CODE = YES;
				CLANG_WARN__DUPLICATE_METHOD_MATCH = YES;
				COPY_PHASE_STRIP = NO;
				DEBUG_INFORMATION_FORMAT = "dwarf-with-dsym";
				ENABLE_NS_ASSERTIONS = NO;
				ENABLE_STRICT_OBJC_MSGSEND = YES;
				ENABLE_USER_SCRIPT_SANDBOXING = YES;
				GCC_C_LANGUAGE_STANDARD = gnu17;
				GCC_NO_COMMON_BLOCKS = YES;
				GCC_WARN_64_TO_32_BIT_CONVERSION = YES;
				GCC_WARN_ABOUT_RETURN_TYPE = YES_ERROR;
				GCC_WARN_UNDECLARED_SELECTOR = YES;
				GCC_WARN_UNINITIALIZED_AUTOS = YES_AGGRESSIVE;
				GCC_WARN_UNUSED_FUNCTION = YES;
				GCC_WARN_UNUSED_VARIABLE = YES;
				IPHONEOS_DEPLOYMENT_TARGET = 17.6;
				LOCALIZATION_PREFERS_STRING_CATALOGS = YES;
				MTL_ENABLE_DEBUG_INFO = NO;
				MTL_FAST_MATH = YES;
				SDKROOT = iphoneos;
				SWIFT_COMPILATION_MODE = wholemodule;
				VALIDATE_PRODUCT = YES;
			};
			name = Release;
		};
/* End XCBuildConfiguration section */

/* Begin XCConfigurationList section */
		6CEBFD6B2F55AADC0003249D /* Build configuration list for PBXProject "WeatherApp" */ = {
			isa = XCConfigurationList;
			buildConfigurations = (
				6CEBFD862F55AADE0003249D /* Debug */,
				6CEBFD872F55AADE0003249D /* Release */,
			);
			defaultConfigurationIsVisible = 0;
			defaultConfigurationName = Release;
		};
		6CEBFD832F55AADE0003249D /* Build configuration list for PBXNativeTarget "WeatherApp" */ = {
			isa = XCConfigurationList;
			buildConfigurations = (
				6CEBFD842F55AADE0003249D /* Debug */,
				6CEBFD852F55AADE0003249D /* Release */,
			);
			defaultConfigurationIsVisible = 0;
			defaultConfigurationName = Release;
		};
/* End XCConfigurationList section */

/* Begin XCRemoteSwiftPackageReference section */
		6CEBFDB32F5880980003249D /* XCRemoteSwiftPackageReference "SnapKit" */ = {
			isa = XCRemoteSwiftPackageReference;
			repositoryURL = "https://github.com/SnapKit/SnapKit.git";
			requirement = {
				kind = upToNextMajorVersion;
				minimumVersion = 5.7.1;
			};
		};
		6CEF546E2F7331DE007145CB /* XCRemoteSwiftPackageReference "firebase-ios-sdk" */ = {
			isa = XCRemoteSwiftPackageReference;
			repositoryURL = "https://github.com/firebase/firebase-ios-sdk";
			requirement = {
				kind = upToNextMajorVersion;
				minimumVersion = 12.11.0;
			};
		};
/* End XCRemoteSwiftPackageReference section */

/* Begin XCSwiftPackageProductDependency section */
		6CEBFDB42F5880980003249D /* SnapKit */ = {
			isa = XCSwiftPackageProductDependency;
			package = 6CEBFDB32F5880980003249D /* XCRemoteSwiftPackageReference "SnapKit" */;
			productName = SnapKit;
		};
		6CEF546F2F7331DE007145CB /* FirebaseCore */ = {
			isa = XCSwiftPackageProductDependency;
			package = 6CEF546E2F7331DE007145CB /* XCRemoteSwiftPackageReference "firebase-ios-sdk" */;
			productName = FirebaseCore;
		};
		6CEF54712F7331DE007145CB /* FirebaseFirestore */ = {
			isa = XCSwiftPackageProductDependency;
			package = 6CEF546E2F7331DE007145CB /* XCRemoteSwiftPackageReference "firebase-ios-sdk" */;
			productName = FirebaseFirestore;
		};
/* End XCSwiftPackageProductDependency section */
	};
	rootObject = 6CEBFD682F55AADC0003249D /* Project object */;
}
